// !$*UTF8*$!
{
	archiveVersion = 1;
	classes = {
	};
	objectVersion = 46;
	objects = {

/* Begin PBXBuildFile section */
		653E4D901CAC37090031396F /* ForgotPasswordView.swift in Sources */ = {isa = PBXBuildFile; fileRef = 653E4D8F1CAC37090031396F /* ForgotPasswordView.swift */; };
		653E4D921CAC44630031396F /* ForgotPasswordViewController.swift in Sources */ = {isa = PBXBuildFile; fileRef = 653E4D911CAC44630031396F /* ForgotPasswordViewController.swift */; };
		653E4D941CAC77EA0031396F /* GlobalVar.swift in Sources */ = {isa = PBXBuildFile; fileRef = 653E4D931CAC77EA0031396F /* GlobalVar.swift */; };
		653E4E161CAEC07E0031396F /* StreamReader.swift in Sources */ = {isa = PBXBuildFile; fileRef = 653E4E151CAEC07E0031396F /* StreamReader.swift */; };
		653E4E1A1CAF057E0031396F /* MusicList in Resources */ = {isa = PBXBuildFile; fileRef = 653E4E191CAF057E0031396F /* MusicList */; };
		65615D541CA9833E0087D40E /* SignUpView.swift in Sources */ = {isa = PBXBuildFile; fileRef = 65615D531CA9833E0087D40E /* SignUpView.swift */; };
		65F965341CA306C900227843 /* User.swift in Sources */ = {isa = PBXBuildFile; fileRef = 65F965331CA306C900227843 /* User.swift */; };
		65F965361CA3093600227843 /* Music.swift in Sources */ = {isa = PBXBuildFile; fileRef = 65F965351CA3093600227843 /* Music.swift */; };
		65F9653A1CA30AFD00227843 /* ChordsWithLyrics.swift in Sources */ = {isa = PBXBuildFile; fileRef = 65F965391CA30AFD00227843 /* ChordsWithLyrics.swift */; };
		65F9653C1CA30BC000227843 /* Chord.swift in Sources */ = {isa = PBXBuildFile; fileRef = 65F9653B1CA30BC000227843 /* Chord.swift */; };
		65F9653E1CA32C2900227843 /* Artist.swift in Sources */ = {isa = PBXBuildFile; fileRef = 65F9653D1CA32C2900227843 /* Artist.swift */; };
		65F965401CA32CE900227843 /* Playlist.swift in Sources */ = {isa = PBXBuildFile; fileRef = 65F9653F1CA32CE900227843 /* Playlist.swift */; };
		65F965441CA60FAE00227843 /* SignUpViewController.swift in Sources */ = {isa = PBXBuildFile; fileRef = 65F965431CA60FAE00227843 /* SignUpViewController.swift */; };
		65F965461CA616EB00227843 /* LoginViewController.swift in Sources */ = {isa = PBXBuildFile; fileRef = 65F965451CA616EB00227843 /* LoginViewController.swift */; };
		770639611CAAF67B000E5C83 /* PlaylistsViewController.swift in Sources */ = {isa = PBXBuildFile; fileRef = 770639601CAAF67B000E5C83 /* PlaylistsViewController.swift */; };
		770639631CAAF7CA000E5C83 /* PlaylistsView.swift in Sources */ = {isa = PBXBuildFile; fileRef = 770639621CAAF7CA000E5C83 /* PlaylistsView.swift */; };
		770639651CAC5F80000E5C83 /* DashboardTabBarController.swift in Sources */ = {isa = PBXBuildFile; fileRef = 770639641CAC5F80000E5C83 /* DashboardTabBarController.swift */; };
		77A3DCC41CADBB4B00954344 /* NewPlaylistViewController.swift in Sources */ = {isa = PBXBuildFile; fileRef = 77A3DCC31CADBB4B00954344 /* NewPlaylistViewController.swift */; };
		77A3DCC61CADC03E00954344 /* NewPlaylistView.swift in Sources */ = {isa = PBXBuildFile; fileRef = 77A3DCC51CADC03E00954344 /* NewPlaylistView.swift */; };
		77A3DCC81CAEBAF300954344 /* SearchMusicViewController.swift in Sources */ = {isa = PBXBuildFile; fileRef = 77A3DCC71CAEBAF300954344 /* SearchMusicViewController.swift */; };
		77A3DCCA1CAEBC9600954344 /* SearchMusicView.swift in Sources */ = {isa = PBXBuildFile; fileRef = 77A3DCC91CAEBC9600954344 /* SearchMusicView.swift */; };
		77A3DCCC1CB1CA3700954344 /* FavoritesViewController.swift in Sources */ = {isa = PBXBuildFile; fileRef = 77A3DCCB1CB1CA3700954344 /* FavoritesViewController.swift */; };
		77A3DCCE1CB1CAE400954344 /* FavoritesView.swift in Sources */ = {isa = PBXBuildFile; fileRef = 77A3DCCD1CB1CAE400954344 /* FavoritesView.swift */; };
		D1044B311CAFF5F100D71A51 /* MusicalTasteView.swift in Sources */ = {isa = PBXBuildFile; fileRef = D1044B301CAFF5F100D71A51 /* MusicalTasteView.swift */; };
		D1044B331CAFF62B00D71A51 /* MusicalTasteViewController.swift in Sources */ = {isa = PBXBuildFile; fileRef = D1044B321CAFF62B00D71A51 /* MusicalTasteViewController.swift */; };
		D1044B351CAFFEF700D71A51 /* MusicalTasteCollectionViewCell.swift in Sources */ = {isa = PBXBuildFile; fileRef = D1044B341CAFFEF700D71A51 /* MusicalTasteCollectionViewCell.swift */; };
		D1044B3C1CB041CA00D71A51 /* THLabel.m in Sources */ = {isa = PBXBuildFile; fileRef = D1044B3A1CB041CA00D71A51 /* THLabel.m */; };
		D11E4E851CA9809B009C7CEF /* LoginView.swift in Sources */ = {isa = PBXBuildFile; fileRef = D11E4E841CA9809B009C7CEF /* LoginView.swift */; };
		D11E4E871CA9A49F009C7CEF /* HomeViewController.swift in Sources */ = {isa = PBXBuildFile; fileRef = D11E4E861CA9A49F009C7CEF /* HomeViewController.swift */; };
		D11E4E891CA9A4B1009C7CEF /* HomeView.swift in Sources */ = {isa = PBXBuildFile; fileRef = D11E4E881CA9A4B1009C7CEF /* HomeView.swift */; };
		D11E4E8B1CA9D416009C7CEF /* Colors.swift in Sources */ = {isa = PBXBuildFile; fileRef = D11E4E8A1CA9D416009C7CEF /* Colors.swift */; };
		D11E4EE91CAC5355009C7CEF /* MusicViewController.swift in Sources */ = {isa = PBXBuildFile; fileRef = D11E4EE81CAC5355009C7CEF /* MusicViewController.swift */; };
		D11E4EEB1CAC536A009C7CEF /* MusicView.swift in Sources */ = {isa = PBXBuildFile; fileRef = D11E4EEA1CAC536A009C7CEF /* MusicView.swift */; };
		D156B0031CA08DC300131D47 /* AppDelegate.swift in Sources */ = {isa = PBXBuildFile; fileRef = D156B0021CA08DC300131D47 /* AppDelegate.swift */; };
		D156B00A1CA08DC300131D47 /* Assets.xcassets in Resources */ = {isa = PBXBuildFile; fileRef = D156B0091CA08DC300131D47 /* Assets.xcassets */; };
		D156B00D1CA08DC300131D47 /* LaunchScreen.storyboard in Resources */ = {isa = PBXBuildFile; fileRef = D156B00B1CA08DC300131D47 /* LaunchScreen.storyboard */; };
/* End PBXBuildFile section */

/* Begin PBXFileReference section */
		653E4D8F1CAC37090031396F /* ForgotPasswordView.swift */ = {isa = PBXFileReference; fileEncoding = 4; lastKnownFileType = sourcecode.swift; path = ForgotPasswordView.swift; sourceTree = "<group>"; };
		653E4D911CAC44630031396F /* ForgotPasswordViewController.swift */ = {isa = PBXFileReference; fileEncoding = 4; lastKnownFileType = sourcecode.swift; path = ForgotPasswordViewController.swift; sourceTree = "<group>"; };
		653E4D931CAC77EA0031396F /* GlobalVar.swift */ = {isa = PBXFileReference; fileEncoding = 4; lastKnownFileType = sourcecode.swift; path = GlobalVar.swift; sourceTree = "<group>"; };
		653E4E151CAEC07E0031396F /* StreamReader.swift */ = {isa = PBXFileReference; fileEncoding = 4; lastKnownFileType = sourcecode.swift; path = StreamReader.swift; sourceTree = "<group>"; };
		653E4E191CAF057E0031396F /* MusicList */ = {isa = PBXFileReference; lastKnownFileType = folder; path = MusicList; sourceTree = "<group>"; };
		65615D531CA9833E0087D40E /* SignUpView.swift */ = {isa = PBXFileReference; fileEncoding = 4; lastKnownFileType = sourcecode.swift; path = SignUpView.swift; sourceTree = "<group>"; };
		65F965331CA306C900227843 /* User.swift */ = {isa = PBXFileReference; fileEncoding = 4; lastKnownFileType = sourcecode.swift; path = User.swift; sourceTree = "<group>"; };
		65F965351CA3093600227843 /* Music.swift */ = {isa = PBXFileReference; fileEncoding = 4; lastKnownFileType = sourcecode.swift; path = Music.swift; sourceTree = "<group>"; };
		65F965391CA30AFD00227843 /* ChordsWithLyrics.swift */ = {isa = PBXFileReference; fileEncoding = 4; lastKnownFileType = sourcecode.swift; path = ChordsWithLyrics.swift; sourceTree = "<group>"; };
		65F9653B1CA30BC000227843 /* Chord.swift */ = {isa = PBXFileReference; fileEncoding = 4; lastKnownFileType = sourcecode.swift; path = Chord.swift; sourceTree = "<group>"; };
		65F9653D1CA32C2900227843 /* Artist.swift */ = {isa = PBXFileReference; fileEncoding = 4; lastKnownFileType = sourcecode.swift; path = Artist.swift; sourceTree = "<group>"; };
		65F9653F1CA32CE900227843 /* Playlist.swift */ = {isa = PBXFileReference; fileEncoding = 4; lastKnownFileType = sourcecode.swift; path = Playlist.swift; sourceTree = "<group>"; };
		65F965431CA60FAE00227843 /* SignUpViewController.swift */ = {isa = PBXFileReference; fileEncoding = 4; lastKnownFileType = sourcecode.swift; path = SignUpViewController.swift; sourceTree = "<group>"; };
		65F965451CA616EB00227843 /* LoginViewController.swift */ = {isa = PBXFileReference; fileEncoding = 4; lastKnownFileType = sourcecode.swift; path = LoginViewController.swift; sourceTree = "<group>"; };
		770639601CAAF67B000E5C83 /* PlaylistsViewController.swift */ = {isa = PBXFileReference; fileEncoding = 4; lastKnownFileType = sourcecode.swift; path = PlaylistsViewController.swift; sourceTree = "<group>"; };
		770639621CAAF7CA000E5C83 /* PlaylistsView.swift */ = {isa = PBXFileReference; fileEncoding = 4; lastKnownFileType = sourcecode.swift; path = PlaylistsView.swift; sourceTree = "<group>"; };
		770639641CAC5F80000E5C83 /* DashboardTabBarController.swift */ = {isa = PBXFileReference; fileEncoding = 4; lastKnownFileType = sourcecode.swift; path = DashboardTabBarController.swift; sourceTree = "<group>"; };
		77A3DCC31CADBB4B00954344 /* NewPlaylistViewController.swift */ = {isa = PBXFileReference; fileEncoding = 4; lastKnownFileType = sourcecode.swift; path = NewPlaylistViewController.swift; sourceTree = "<group>"; };
		77A3DCC51CADC03E00954344 /* NewPlaylistView.swift */ = {isa = PBXFileReference; fileEncoding = 4; lastKnownFileType = sourcecode.swift; path = NewPlaylistView.swift; sourceTree = "<group>"; };
		77A3DCC71CAEBAF300954344 /* SearchMusicViewController.swift */ = {isa = PBXFileReference; fileEncoding = 4; lastKnownFileType = sourcecode.swift; path = SearchMusicViewController.swift; sourceTree = "<group>"; };
		77A3DCC91CAEBC9600954344 /* SearchMusicView.swift */ = {isa = PBXFileReference; fileEncoding = 4; lastKnownFileType = sourcecode.swift; path = SearchMusicView.swift; sourceTree = "<group>"; };
		77A3DCCB1CB1CA3700954344 /* FavoritesViewController.swift */ = {isa = PBXFileReference; fileEncoding = 4; lastKnownFileType = sourcecode.swift; path = FavoritesViewController.swift; sourceTree = "<group>"; };
		77A3DCCD1CB1CAE400954344 /* FavoritesView.swift */ = {isa = PBXFileReference; fileEncoding = 4; lastKnownFileType = sourcecode.swift; path = FavoritesView.swift; sourceTree = "<group>"; };
		D1044B301CAFF5F100D71A51 /* MusicalTasteView.swift */ = {isa = PBXFileReference; fileEncoding = 4; lastKnownFileType = sourcecode.swift; path = MusicalTasteView.swift; sourceTree = "<group>"; };
		D1044B321CAFF62B00D71A51 /* MusicalTasteViewController.swift */ = {isa = PBXFileReference; fileEncoding = 4; lastKnownFileType = sourcecode.swift; path = MusicalTasteViewController.swift; sourceTree = "<group>"; };
		D1044B341CAFFEF700D71A51 /* MusicalTasteCollectionViewCell.swift */ = {isa = PBXFileReference; fileEncoding = 4; lastKnownFileType = sourcecode.swift; path = MusicalTasteCollectionViewCell.swift; sourceTree = "<group>"; };
		D1044B3A1CB041CA00D71A51 /* THLabel.m */ = {isa = PBXFileReference; fileEncoding = 4; lastKnownFileType = sourcecode.c.objc; path = THLabel.m; sourceTree = "<group>"; };
		D1044B3B1CB041CA00D71A51 /* THLabel.h */ = {isa = PBXFileReference; fileEncoding = 4; lastKnownFileType = sourcecode.c.h; path = THLabel.h; sourceTree = "<group>"; };
		D1044B3F1CB0441700D71A51 /* RightMusic-Bridging-Header.h */ = {isa = PBXFileReference; lastKnownFileType = sourcecode.c.h; path = "RightMusic-Bridging-Header.h"; sourceTree = "<group>"; };
		D11E4E841CA9809B009C7CEF /* LoginView.swift */ = {isa = PBXFileReference; fileEncoding = 4; lastKnownFileType = sourcecode.swift; path = LoginView.swift; sourceTree = "<group>"; };
		D11E4E861CA9A49F009C7CEF /* HomeViewController.swift */ = {isa = PBXFileReference; fileEncoding = 4; lastKnownFileType = sourcecode.swift; path = HomeViewController.swift; sourceTree = "<group>"; };
		D11E4E881CA9A4B1009C7CEF /* HomeView.swift */ = {isa = PBXFileReference; fileEncoding = 4; lastKnownFileType = sourcecode.swift; path = HomeView.swift; sourceTree = "<group>"; };
		D11E4E8A1CA9D416009C7CEF /* Colors.swift */ = {isa = PBXFileReference; fileEncoding = 4; lastKnownFileType = sourcecode.swift; path = Colors.swift; sourceTree = "<group>"; };
		D11E4EE81CAC5355009C7CEF /* MusicViewController.swift */ = {isa = PBXFileReference; fileEncoding = 4; lastKnownFileType = sourcecode.swift; path = MusicViewController.swift; sourceTree = "<group>"; };
		D11E4EEA1CAC536A009C7CEF /* MusicView.swift */ = {isa = PBXFileReference; fileEncoding = 4; lastKnownFileType = sourcecode.swift; path = MusicView.swift; sourceTree = "<group>"; };
		D156AFFF1CA08DC300131D47 /* RightMusic.app */ = {isa = PBXFileReference; explicitFileType = wrapper.application; includeInIndex = 0; path = RightMusic.app; sourceTree = BUILT_PRODUCTS_DIR; };
		D156B0021CA08DC300131D47 /* AppDelegate.swift */ = {isa = PBXFileReference; lastKnownFileType = sourcecode.swift; path = AppDelegate.swift; sourceTree = "<group>"; };
		D156B0091CA08DC300131D47 /* Assets.xcassets */ = {isa = PBXFileReference; lastKnownFileType = folder.assetcatalog; path = Assets.xcassets; sourceTree = "<group>"; };
		D156B00C1CA08DC300131D47 /* Base */ = {isa = PBXFileReference; lastKnownFileType = file.storyboard; name = Base; path = Base.lproj/LaunchScreen.storyboard; sourceTree = "<group>"; };
		D156B00E1CA08DC300131D47 /* Info.plist */ = {isa = PBXFileReference; lastKnownFileType = text.plist.xml; path = Info.plist; sourceTree = "<group>"; };
/* End PBXFileReference section */

/* Begin PBXFrameworksBuildPhase section */
		D156AFFC1CA08DC300131D47 /* Frameworks */ = {
			isa = PBXFrameworksBuildPhase;
			buildActionMask = 2147483647;
			files = (
			);
			runOnlyForDeploymentPostprocessing = 0;
		};
/* End PBXFrameworksBuildPhase section */

/* Begin PBXGroup section */
		D156AFF61CA08DC300131D47 = {
			isa = PBXGroup;
			children = (
				D156B0011CA08DC300131D47 /* RightMusic */,
				D156B0001CA08DC300131D47 /* Products */,
			);
			sourceTree = "<group>";
		};
		D156B0001CA08DC300131D47 /* Products */ = {
			isa = PBXGroup;
			children = (
				D156AFFF1CA08DC300131D47 /* RightMusic.app */,
			);
			name = Products;
			sourceTree = "<group>";
		};
		D156B0011CA08DC300131D47 /* RightMusic */ = {
			isa = PBXGroup;
			children = (
				D1812A7B1CA307B500E1E04E /* Model */,
				D1812A7A1CA307AF00E1E04E /* View */,
				D1812A791CA307A500E1E04E /* Controller */,
				D1812A7C1CA307CC00E1E04E /* Supporting Files */,
			);
			path = RightMusic;
			sourceTree = "<group>";
		};
		D1812A791CA307A500E1E04E /* Controller */ = {
			isa = PBXGroup;
			children = (
				65F965451CA616EB00227843 /* LoginViewController.swift */,
				770639641CAC5F80000E5C83 /* DashboardTabBarController.swift */,
				653E4D911CAC44630031396F /* ForgotPasswordViewController.swift */,
				65F965431CA60FAE00227843 /* SignUpViewController.swift */,
				D11E4E861CA9A49F009C7CEF /* HomeViewController.swift */,
				770639601CAAF67B000E5C83 /* PlaylistsViewController.swift */,
				77A3DCCB1CB1CA3700954344 /* FavoritesViewController.swift */,
				77A3DCC31CADBB4B00954344 /* NewPlaylistViewController.swift */,
				77A3DCC71CAEBAF300954344 /* SearchMusicViewController.swift */,
				D11E4EE81CAC5355009C7CEF /* MusicViewController.swift */,
				D1044B321CAFF62B00D71A51 /* MusicalTasteViewController.swift */,
			);
			name = Controller;
			sourceTree = "<group>";
		};
		D1812A7A1CA307AF00E1E04E /* View */ = {
			isa = PBXGroup;
			children = (
				D156B00B1CA08DC300131D47 /* LaunchScreen.storyboard */,
				D11E4E841CA9809B009C7CEF /* LoginView.swift */,
				653E4D8F1CAC37090031396F /* ForgotPasswordView.swift */,
				65615D531CA9833E0087D40E /* SignUpView.swift */,
				D11E4E881CA9A4B1009C7CEF /* HomeView.swift */,
				770639621CAAF7CA000E5C83 /* PlaylistsView.swift */,
				77A3DCCD1CB1CAE400954344 /* FavoritesView.swift */,
				77A3DCC51CADC03E00954344 /* NewPlaylistView.swift */,
				77A3DCC91CAEBC9600954344 /* SearchMusicView.swift */,
				D11E4EEA1CAC536A009C7CEF /* MusicView.swift */,
				D1044B301CAFF5F100D71A51 /* MusicalTasteView.swift */,
				D1044B341CAFFEF700D71A51 /* MusicalTasteCollectionViewCell.swift */,
			);
			name = View;
			sourceTree = "<group>";
		};
		D1812A7B1CA307B500E1E04E /* Model */ = {
			isa = PBXGroup;
			children = (
				65F965331CA306C900227843 /* User.swift */,
				65F965391CA30AFD00227843 /* ChordsWithLyrics.swift */,
				65F9653B1CA30BC000227843 /* Chord.swift */,
				65F965351CA3093600227843 /* Music.swift */,
				65F9653D1CA32C2900227843 /* Artist.swift */,
				65F9653F1CA32CE900227843 /* Playlist.swift */,
				653E4D931CAC77EA0031396F /* GlobalVar.swift */,
				653E4E151CAEC07E0031396F /* StreamReader.swift */,
			);
			name = Model;
			sourceTree = "<group>";
		};
		D1812A7C1CA307CC00E1E04E /* Supporting Files */ = {
			isa = PBXGroup;
			children = (
				D1044B3A1CB041CA00D71A51 /* THLabel.m */,
				D1044B3B1CB041CA00D71A51 /* THLabel.h */,
				D1044B3F1CB0441700D71A51 /* RightMusic-Bridging-Header.h */,
				D156B0021CA08DC300131D47 /* AppDelegate.swift */,
				D156B0091CA08DC300131D47 /* Assets.xcassets */,
				D156B00E1CA08DC300131D47 /* Info.plist */,
				D11E4E8A1CA9D416009C7CEF /* Colors.swift */,
				653E4E191CAF057E0031396F /* MusicList */,
			);
			name = "Supporting Files";
			sourceTree = "<group>";
		};
/* End PBXGroup section */

/* Begin PBXNativeTarget section */
		D156AFFE1CA08DC300131D47 /* RightMusic */ = {
			isa = PBXNativeTarget;
			buildConfigurationList = D156B0111CA08DC300131D47 /* Build configuration list for PBXNativeTarget "RightMusic" */;
			buildPhases = (
				D156AFFB1CA08DC300131D47 /* Sources */,
				D156AFFC1CA08DC300131D47 /* Frameworks */,
				D156AFFD1CA08DC300131D47 /* Resources */,
			);
			buildRules = (
			);
			dependencies = (
			);
			name = RightMusic;
			productName = RightMusic;
			productReference = D156AFFF1CA08DC300131D47 /* RightMusic.app */;
			productType = "com.apple.product-type.application";
		};
/* End PBXNativeTarget section */

/* Begin PBXProject section */
		D156AFF71CA08DC300131D47 /* Project object */ = {
			isa = PBXProject;
			attributes = {
				LastSwiftUpdateCheck = 0730;
				LastUpgradeCheck = 0720;
				ORGANIZATIONNAME = "Guilherme Marques";
				TargetAttributes = {
					D156AFFE1CA08DC300131D47 = {
						CreatedOnToolsVersion = 7.2.1;
					};
				};
			};
			buildConfigurationList = D156AFFA1CA08DC300131D47 /* Build configuration list for PBXProject "RightMusic" */;
			compatibilityVersion = "Xcode 3.2";
			developmentRegion = English;
			hasScannedForEncodings = 0;
			knownRegions = (
				en,
				Base,
			);
			mainGroup = D156AFF61CA08DC300131D47;
			productRefGroup = D156B0001CA08DC300131D47 /* Products */;
			projectDirPath = "";
			projectRoot = "";
			targets = (
				D156AFFE1CA08DC300131D47 /* RightMusic */,
			);
		};
/* End PBXProject section */

/* Begin PBXResourcesBuildPhase section */
		D156AFFD1CA08DC300131D47 /* Resources */ = {
			isa = PBXResourcesBuildPhase;
			buildActionMask = 2147483647;
			files = (
				D156B00D1CA08DC300131D47 /* LaunchScreen.storyboard in Resources */,
				D156B00A1CA08DC300131D47 /* Assets.xcassets in Resources */,
				653E4E1A1CAF057E0031396F /* MusicList in Resources */,
			);
			runOnlyForDeploymentPostprocessing = 0;
		};
/* End PBXResourcesBuildPhase section */

/* Begin PBXSourcesBuildPhase section */
		D156AFFB1CA08DC300131D47 /* Sources */ = {
			isa = PBXSourcesBuildPhase;
			buildActionMask = 2147483647;
			files = (
				65F965361CA3093600227843 /* Music.swift in Sources */,
				65F965441CA60FAE00227843 /* SignUpViewController.swift in Sources */,
				653E4D941CAC77EA0031396F /* GlobalVar.swift in Sources */,
				D11E4E891CA9A4B1009C7CEF /* HomeView.swift in Sources */,
				653E4E161CAEC07E0031396F /* StreamReader.swift in Sources */,
				653E4D901CAC37090031396F /* ForgotPasswordView.swift in Sources */,
				77A3DCC41CADBB4B00954344 /* NewPlaylistViewController.swift in Sources */,
				D11E4E8B1CA9D416009C7CEF /* Colors.swift in Sources */,
				77A3DCC61CADC03E00954344 /* NewPlaylistView.swift in Sources */,
				D11E4EEB1CAC536A009C7CEF /* MusicView.swift in Sources */,
				77A3DCCC1CB1CA3700954344 /* FavoritesViewController.swift in Sources */,
				77A3DCCE1CB1CAE400954344 /* FavoritesView.swift in Sources */,
				65F965461CA616EB00227843 /* LoginViewController.swift in Sources */,
				D1044B311CAFF5F100D71A51 /* MusicalTasteView.swift in Sources */,
				65F9653C1CA30BC000227843 /* Chord.swift in Sources */,
				65F965401CA32CE900227843 /* Playlist.swift in Sources */,
				D1044B3C1CB041CA00D71A51 /* THLabel.m in Sources */,
				770639651CAC5F80000E5C83 /* DashboardTabBarController.swift in Sources */,
				65F9653A1CA30AFD00227843 /* ChordsWithLyrics.swift in Sources */,
				77A3DCCA1CAEBC9600954344 /* SearchMusicView.swift in Sources */,
				65615D541CA9833E0087D40E /* SignUpView.swift in Sources */,
				D156B0031CA08DC300131D47 /* AppDelegate.swift in Sources */,
				77A3DCC81CAEBAF300954344 /* SearchMusicViewController.swift in Sources */,
				770639611CAAF67B000E5C83 /* PlaylistsViewController.swift in Sources */,
				D11E4EE91CAC5355009C7CEF /* MusicViewController.swift in Sources */,
				65F965341CA306C900227843 /* User.swift in Sources */,
				D1044B351CAFFEF700D71A51 /* MusicalTasteCollectionViewCell.swift in Sources */,
				D11E4E851CA9809B009C7CEF /* LoginView.swift in Sources */,
				653E4D921CAC44630031396F /* ForgotPasswordViewController.swift in Sources */,
				65F9653E1CA32C2900227843 /* Artist.swift in Sources */,
				770639631CAAF7CA000E5C83 /* PlaylistsView.swift in Sources */,
				D1044B331CAFF62B00D71A51 /* MusicalTasteViewController.swift in Sources */,
				D11E4E871CA9A49F009C7CEF /* HomeViewController.swift in Sources */,
			);
			runOnlyForDeploymentPostprocessing = 0;
		};
/* End PBXSourcesBuildPhase section */

/* Begin PBXVariantGroup section */
		D156B00B1CA08DC300131D47 /* LaunchScreen.storyboard */ = {
			isa = PBXVariantGroup;
			children = (
				D156B00C1CA08DC300131D47 /* Base */,
			);
			name = LaunchScreen.storyboard;
			sourceTree = "<group>";
		};
/* End PBXVariantGroup section */

/* Begin XCBuildConfiguration section */
		D156B00F1CA08DC300131D47 /* Debug */ = {
			isa = XCBuildConfiguration;
			buildSettings = {
				ALWAYS_SEARCH_USER_PATHS = NO;
				CLANG_CXX_LANGUAGE_STANDARD = "gnu++0x";
				CLANG_CXX_LIBRARY = "libc++";
				CLANG_ENABLE_MODULES = YES;
				CLANG_ENABLE_OBJC_ARC = YES;
				CLANG_WARN_BOOL_CONVERSION = YES;
				CLANG_WARN_CONSTANT_CONVERSION = YES;
				CLANG_WARN_DIRECT_OBJC_ISA_USAGE = YES_ERROR;
				CLANG_WARN_EMPTY_BODY = YES;
				CLANG_WARN_ENUM_CONVERSION = YES;
				CLANG_WARN_INT_CONVERSION = YES;
				CLANG_WARN_OBJC_ROOT_CLASS = YES_ERROR;
				CLANG_WARN_UNREACHABLE_CODE = YES;
				CLANG_WARN__DUPLICATE_METHOD_MATCH = YES;
				"CODE_SIGN_IDENTITY[sdk=iphoneos*]" = "iPhone Developer";
				COPY_PHASE_STRIP = NO;
				DEBUG_INFORMATION_FORMAT = dwarf;
				ENABLE_STRICT_OBJC_MSGSEND = YES;
				ENABLE_TESTABILITY = YES;
				GCC_C_LANGUAGE_STANDARD = gnu99;
				GCC_DYNAMIC_NO_PIC = NO;
				GCC_NO_COMMON_BLOCKS = YES;
				GCC_OPTIMIZATION_LEVEL = 0;
				GCC_PREPROCESSOR_DEFINITIONS = (
					"DEBUG=1",
					"$(inherited)",
				);
				GCC_WARN_64_TO_32_BIT_CONVERSION = YES;
				GCC_WARN_ABOUT_RETURN_TYPE = YES_ERROR;
				GCC_WARN_UNDECLARED_SELECTOR = YES;
				GCC_WARN_UNINITIALIZED_AUTOS = YES_AGGRESSIVE;
				GCC_WARN_UNUSED_FUNCTION = YES;
				GCC_WARN_UNUSED_VARIABLE = YES;
				IPHONEOS_DEPLOYMENT_TARGET = 9.2;
				MTL_ENABLE_DEBUG_INFO = YES;
				ONLY_ACTIVE_ARCH = YES;
				SDKROOT = iphoneos;
				SWIFT_OPTIMIZATION_LEVEL = "-Onone";
			};
			name = Debug;
		};
		D156B0101CA08DC300131D47 /* Release */ = {
			isa = XCBuildConfiguration;
			buildSettings = {
				ALWAYS_SEARCH_USER_PATHS = NO;
				CLANG_CXX_LANGUAGE_STANDARD = "gnu++0x";
				CLANG_CXX_LIBRARY = "libc++";
				CLANG_ENABLE_MODULES = YES;
				CLANG_ENABLE_OBJC_ARC = YES;
				CLANG_WARN_BOOL_CONVERSION = YES;
				CLANG_WARN_CONSTANT_CONVERSION = YES;
				CLANG_WARN_DIRECT_OBJC_ISA_USAGE = YES_ERROR;
				CLANG_WARN_EMPTY_BODY = YES;
				CLANG_WARN_ENUM_CONVERSION = YES;
				CLANG_WARN_INT_CONVERSION = YES;
				CLANG_WARN_OBJC_ROOT_CLASS = YES_ERROR;
				CLANG_WARN_UNREACHABLE_CODE = YES;
				CLANG_WARN__DUPLICATE_METHOD_MATCH = YES;
				"CODE_SIGN_IDENTITY[sdk=iphoneos*]" = "iPhone Developer";
				COPY_PHASE_STRIP = NO;
				DEBUG_INFORMATION_FORMAT = "dwarf-with-dsym";
				ENABLE_NS_ASSERTIONS = NO;
				ENABLE_STRICT_OBJC_MSGSEND = YES;
				GCC_C_LANGUAGE_STANDARD = gnu99;
				GCC_NO_COMMON_BLOCKS = YES;
				GCC_WARN_64_TO_32_BIT_CONVERSION = YES;
				GCC_WARN_ABOUT_RETURN_TYPE = YES_ERROR;
				GCC_WARN_UNDECLARED_SELECTOR = YES;
				GCC_WARN_UNINITIALIZED_AUTOS = YES_AGGRESSIVE;
				GCC_WARN_UNUSED_FUNCTION = YES;
				GCC_WARN_UNUSED_VARIABLE = YES;
				IPHONEOS_DEPLOYMENT_TARGET = 9.2;
				MTL_ENABLE_DEBUG_INFO = NO;
				SDKROOT = iphoneos;
				VALIDATE_PRODUCT = YES;
			};
			name = Release;
		};
		D156B0121CA08DC300131D47 /* Debug */ = {
			isa = XCBuildConfiguration;
			buildSettings = {
				ASSETCATALOG_COMPILER_APPICON_NAME = AppIcon;
				CLANG_ENABLE_MODULES = YES;
				INFOPLIST_FILE = RightMusic/Info.plist;
				LD_RUNPATH_SEARCH_PATHS = "$(inherited) @executable_path/Frameworks";
				PRODUCT_BUNDLE_IDENTIFIER = bepid.RightMusic;
				PRODUCT_NAME = "$(TARGET_NAME)";
				SWIFT_OBJC_BRIDGING_HEADER = "RightMusic/RightMusic-Bridging-Header.h";
				SWIFT_OPTIMIZATION_LEVEL = "-Onone";
			};
			name = Debug;
		};
		D156B0131CA08DC300131D47 /* Release */ = {
			isa = XCBuildConfiguration;
			buildSettings = {
				ASSETCATALOG_COMPILER_APPICON_NAME = AppIcon;
				CLANG_ENABLE_MODULES = YES;
				INFOPLIST_FILE = RightMusic/Info.plist;
				LD_RUNPATH_SEARCH_PATHS = "$(inherited) @executable_path/Frameworks";
				PRODUCT_BUNDLE_IDENTIFIER = bepid.RightMusic;
				PRODUCT_NAME = "$(TARGET_NAME)";
				SWIFT_OBJC_BRIDGING_HEADER = "RightMusic/RightMusic-Bridging-Header.h";
			};
			name = Release;
		};
/* End XCBuildConfiguration section */

/* Begin XCConfigurationList section */
		D156AFFA1CA08DC300131D47 /* Build configuration list for PBXProject "RightMusic" */ = {
			isa = XCConfigurationList;
			buildConfigurations = (
				D156B00F1CA08DC300131D47 /* Debug */,
				D156B0101CA08DC300131D47 /* Release */,
			);
			defaultConfigurationIsVisible = 0;
			defaultConfigurationName = Release;
		};
		D156B0111CA08DC300131D47 /* Build configuration list for PBXNativeTarget "RightMusic" */ = {
			isa = XCConfigurationList;
			buildConfigurations = (
				D156B0121CA08DC300131D47 /* Debug */,
				D156B0131CA08DC300131D47 /* Release */,
			);
			defaultConfigurationIsVisible = 0;
			defaultConfigurationName = Release;
		};
/* End XCConfigurationList section */
	};
	rootObject = D156AFF71CA08DC300131D47 /* Project object */;
}
